
Microsoft Visual Studio Solution File, Format Version 12.00
# Visual Studio Version 17
VisualStudioVersion = 17.3.32811.315
MinimumVisualStudioVersion = 10.0.40219.1
Project("{9A19103F-16F7-4668-BE54-9A1E7A4F7556}") = "Ejercicio1", "Ejercicio1\Ejercicio1.csproj", "{0085B709-6953-4B34-8BA3-39AA9F75E025}"
EndProject
Project("{2150E333-8FDC-42A3-9474-1A3956D46DE8}") = "Clase1", "Clase1", "{98847AA0-3E7C-45CE-9B41-B782C69269E0}"
EndProject
Project("{9A19103F-16F7-4668-BE54-9A1E7A4F7556}") = "Ejercicio2", "Ejercicio2\Ejercicio2.csproj", "{C1263AEC-EA81-464B-B94E-F2F02DB7035F}"
EndProject
Project("{9A19103F-16F7-4668-BE54-9A1E7A4F7556}") = "Ejercicio3", "Ejercicio3\Ejercicio3.csproj", "{C5AA5A09-F876-470F-887D-9AA619611273}"
EndProject
Project("{9A19103F-16F7-4668-BE54-9A1E7A4F7556}") = "Ejercicio4", "Ejercicio4\Ejercicio4.csproj", "{7FFC2503-D74D-4902-B3DC-E07A2543869F}"
EndProject
Project("{9A19103F-16F7-4668-BE54-9A1E7A4F7556}") = "Ejercicio5", "Ejercicio5\Ejercicio5.csproj", "{4C70975B-AEAD-429D-BA00-D0E733767D50}"
EndProject
Project("{9A19103F-16F7-4668-BE54-9A1E7A4F7556}") = "Ejercicio6", "Ejercicio6\Ejercicio6.csproj", "{8CE60C7A-A7DF-4251-943B-BD94E404D7C7}"
EndProject
Project("{9A19103F-16F7-4668-BE54-9A1E7A4F7556}") = "Ejercicio7", "Ejercicio7\Ejercicio7.csproj", "{C179FA5E-B203-4227-9EF7-B7433C31AAE3}"
EndProject
Project("{9A19103F-16F7-4668-BE54-9A1E7A4F7556}") = "Ejercicio8", "Ejercicio8\Ejercicio8.csproj", "{E04EC243-9E94-4A2B-95FA-79881AB6CE16}"
EndProject
Project("{9A19103F-16F7-4668-BE54-9A1E7A4F7556}") = "Ejercicio9", "Ejercicio9\Ejercicio9.csproj", "{BDF4AC45-5692-40BE-ACF1-E9503E10B9D0}"
EndProject
Project("{2150E333-8FDC-42A3-9474-1A3956D46DE8}") = "CLase2", "CLase2", "{52977990-50C3-41B8-A0DE-1468167E546B}"
EndProject
Project("{FAE04EC0-301F-11D3-BF4B-00C04F79EFBC}") = "Biblioteca", "Biblioteca\Biblioteca.csproj", "{472459A8-E5A2-480B-80CD-B7233FDF2845}"
EndProject
Project("{FAE04EC0-301F-11D3-BF4B-00C04F79EFBC}") = "Vista", "Vista\Vista.csproj", "{DCFB0273-13C2-451D-A13C-F1DF15909E7B}"
EndProject
Project("{FAE04EC0-301F-11D3-BF4B-00C04F79EFBC}") = "Ejercicio1Clase2", "Ejercicio1Clase2\Ejercicio1Clase2.csproj", "{C76BB5F8-3979-4BAA-BB4D-983AD0E3EDA7}"
	ProjectSection(ProjectDependencies) = postProject
		{472459A8-E5A2-480B-80CD-B7233FDF2845} = {472459A8-E5A2-480B-80CD-B7233FDF2845}
	EndProjectSection
EndProject
Global
	GlobalSection(SolutionConfigurationPlatforms) = preSolution
		Debug|Any CPU = Debug|Any CPU
		Release|Any CPU = Release|Any CPU
	EndGlobalSection
	GlobalSection(ProjectConfigurationPlatforms) = postSolution
		{0085B709-6953-4B34-8BA3-39AA9F75E025}.Debug|Any CPU.ActiveCfg = Debug|Any CPU
		{0085B709-6953-4B34-8BA3-39AA9F75E025}.Debug|Any CPU.Build.0 = Debug|Any CPU
		{0085B709-6953-4B34-8BA3-39AA9F75E025}.Release|Any CPU.ActiveCfg = Release|Any CPU
		{0085B709-6953-4B34-8BA3-39AA9F75E025}.Release|Any CPU.Build.0 = Release|Any CPU
		{C1263AEC-EA81-464B-B94E-F2F02DB7035F}.Debug|Any CPU.ActiveCfg = Debug|Any CPU
		{C1263AEC-EA81-464B-B94E-F2F02DB7035F}.Debug|Any CPU.Build.0 = Debug|Any CPU
		{C1263AEC-EA81-464B-B94E-F2F02DB7035F}.Release|Any CPU.ActiveCfg = Release|Any CPU
		{C1263AEC-EA81-464B-B94E-F2F02DB7035F}.Release|Any CPU.Build.0 = Release|Any CPU
		{C5AA5A09-F876-470F-887D-9AA619611273}.Debug|Any CPU.ActiveCfg = Debug|Any CPU
		{C5AA5A09-F876-470F-887D-9AA619611273}.Debug|Any CPU.Build.0 = Debug|Any CPU
		{C5AA5A09-F876-470F-887D-9AA619611273}.Release|Any CPU.ActiveCfg = Release|Any CPU
		{C5AA5A09-F876-470F-887D-9AA619611273}.Release|Any CPU.Build.0 = Release|Any CPU
		{7FFC2503-D74D-4902-B3DC-E07A2543869F}.Debug|Any CPU.ActiveCfg = Debug|Any CPU
		{7FFC2503-D74D-4902-B3DC-E07A2543869F}.Debug|Any CPU.Build.0 = Debug|Any CPU
		{7FFC2503-D74D-4902-B3DC-E07A2543869F}.Release|Any CPU.ActiveCfg = Release|Any CPU
		{7FFC2503-D74D-4902-B3DC-E07A2543869F}.Release|Any CPU.Build.0 = Release|Any CPU
		{4C70975B-AEAD-429D-BA00-D0E733767D50}.Debug|Any CPU.ActiveCfg = Debug|Any CPU
		{4C70975B-AEAD-429D-BA00-D0E733767D50}.Debug|Any CPU.Build.0 = Debug|Any CPU
		{4C70975B-AEAD-429D-BA00-D0E733767D50}.Release|Any CPU.ActiveCfg = Release|Any CPU
		{4C70975B-AEAD-429D-BA00-D0E733767D50}.Release|Any CPU.Build.0 = Release|Any CPU
		{8CE60C7A-A7DF-4251-943B-BD94E404D7C7}.Debug|Any CPU.ActiveCfg = Debug|Any CPU
		{8CE60C7A-A7DF-4251-943B-BD94E404D7C7}.Debug|Any CPU.Build.0 = Debug|Any CPU
		{8CE60C7A-A7DF-4251-943B-BD94E404D7C7}.Release|Any CPU.ActiveCfg = Release|Any CPU
		{8CE60C7A-A7DF-4251-943B-BD94E404D7C7}.Release|Any CPU.Build.0 = Release|Any CPU
		{C179FA5E-B203-4227-9EF7-B7433C31AAE3}.Debug|Any CPU.ActiveCfg = Debug|Any CPU
		{C179FA5E-B203-4227-9EF7-B7433C31AAE3}.Debug|Any CPU.Build.0 = Debug|Any CPU
		{C179FA5E-B203-4227-9EF7-B7433C31AAE3}.Release|Any CPU.ActiveCfg = Release|Any CPU
		{C179FA5E-B203-4227-9EF7-B7433C31AAE3}.Release|Any CPU.Build.0 = Release|Any CPU
		{E04EC243-9E94-4A2B-95FA-79881AB6CE16}.Debug|Any CPU.ActiveCfg = Debug|Any CPU
		{E04EC243-9E94-4A2B-95FA-79881AB6CE16}.Debug|Any CPU.Build.0 = Debug|Any CPU
		{E04EC243-9E94-4A2B-95FA-79881AB6CE16}.Release|Any CPU.ActiveCfg = Release|Any CPU
		{E04EC243-9E94-4A2B-95FA-79881AB6CE16}.Release|Any CPU.Build.0 = Release|Any CPU
		{BDF4AC45-5692-40BE-ACF1-E9503E10B9D0}.Debug|Any CPU.ActiveCfg = Debug|Any CPU
		{BDF4AC45-5692-40BE-ACF1-E9503E10B9D0}.Debug|Any CPU.Build.0 = Debug|Any CPU
		{BDF4AC45-5692-40BE-ACF1-E9503E10B9D0}.Release|Any CPU.ActiveCfg = Release|Any CPU
		{BDF4AC45-5692-40BE-ACF1-E9503E10B9D0}.Release|Any CPU.Build.0 = Release|Any CPU
		{472459A8-E5A2-480B-80CD-B7233FDF2845}.Debug|Any CPU.ActiveCfg = Debug|Any CPU
		{472459A8-E5A2-480B-80CD-B7233FDF2845}.Debug|Any CPU.Build.0 = Debug|Any CPU
		{472459A8-E5A2-480B-80CD-B7233FDF2845}.Release|Any CPU.ActiveCfg = Release|Any CPU
		{472459A8-E5A2-480B-80CD-B7233FDF2845}.Release|Any CPU.Build.0 = Release|Any CPU
		{DCFB0273-13C2-451D-A13C-F1DF15909E7B}.Debug|Any CPU.ActiveCfg = Debug|Any CPU
		{DCFB0273-13C2-451D-A13C-F1DF15909E7B}.Debug|Any CPU.Build.0 = Debug|Any CPU
		{DCFB0273-13C2-451D-A13C-F1DF15909E7B}.Release|Any CPU.ActiveCfg = Release|Any CPU
		{DCFB0273-13C2-451D-A13C-F1DF15909E7B}.Release|Any CPU.Build.0 = Release|Any CPU
		{C76BB5F8-3979-4BAA-BB4D-983AD0E3EDA7}.Debug|Any CPU.ActiveCfg = Debug|Any CPU
		{C76BB5F8-3979-4BAA-BB4D-983AD0E3EDA7}.Debug|Any CPU.Build.0 = Debug|Any CPU
		{C76BB5F8-3979-4BAA-BB4D-983AD0E3EDA7}.Release|Any CPU.ActiveCfg = Release|Any CPU
		{C76BB5F8-3979-4BAA-BB4D-983AD0E3EDA7}.Release|Any CPU.Build.0 = Release|Any CPU
	EndGlobalSection
	GlobalSection(SolutionProperties) = preSolution
		HideSolutionNode = FALSE
	EndGlobalSection
	GlobalSection(NestedProjects) = preSolution
		{0085B709-6953-4B34-8BA3-39AA9F75E025} = {98847AA0-3E7C-45CE-9B41-B782C69269E0}
		{C1263AEC-EA81-464B-B94E-F2F02DB7035F} = {98847AA0-3E7C-45CE-9B41-B782C69269E0}
		{C5AA5A09-F876-470F-887D-9AA619611273} = {98847AA0-3E7C-45CE-9B41-B782C69269E0}
		{7FFC2503-D74D-4902-B3DC-E07A2543869F} = {98847AA0-3E7C-45CE-9B41-B782C69269E0}
		{4C70975B-AEAD-429D-BA00-D0E733767D50} = {98847AA0-3E7C-45CE-9B41-B782C69269E0}
		{8CE60C7A-A7DF-4251-943B-BD94E404D7C7} = {98847AA0-3E7C-45CE-9B41-B782C69269E0}
		{C179FA5E-B203-4227-9EF7-B7433C31AAE3} = {98847AA0-3E7C-45CE-9B41-B782C69269E0}
		{E04EC243-9E94-4A2B-95FA-79881AB6CE16} = {98847AA0-3E7C-45CE-9B41-B782C69269E0}
		{BDF4AC45-5692-40BE-ACF1-E9503E10B9D0} = {98847AA0-3E7C-45CE-9B41-B782C69269E0}
		{DCFB0273-13C2-451D-A13C-F1DF15909E7B} = {52977990-50C3-41B8-A0DE-1468167E546B}
		{C76BB5F8-3979-4BAA-BB4D-983AD0E3EDA7} = {52977990-50C3-41B8-A0DE-1468167E546B}
	EndGlobalSection
	GlobalSection(ExtensibilityGlobals) = postSolution
		SolutionGuid = {BD1E4EA1-FC39-46B1-874D-AFBBBDA4AED8}
	EndGlobalSection
EndGlobal
