
Microsoft Visual Studio Solution File, Format Version 12.00
# Visual Studio Version 17
VisualStudioVersion = 17.3.32811.315
MinimumVisualStudioVersion = 10.0.40219.1
Project("{9A19103F-16F7-4668-BE54-9A1E7A4F7556}") = "Ejercicio1", "Ejercicio1\Ejercicio1.csproj", "{0085B709-6953-4B34-8BA3-39AA9F75E025}"
EndProject
Project("{2150E333-8FDC-42A3-9474-1A3956D46DE8}") = "Clase1", "Clase1", "{98847AA0-3E7C-45CE-9B41-B782C69269E0}"
EndProject
Project("{9A19103F-16F7-4668-BE54-9A1E7A4F7556}") = "Ejercicio2", "Ejercicio2\Ejercicio2.csproj", "{C1263AEC-EA81-464B-B94E-F2F02DB7035F}"
EndProject
Project("{9A19103F-16F7-4668-BE54-9A1E7A4F7556}") = "Ejercicio3", "Ejercicio3\Ejercicio3.csproj", "{C5AA5A09-F876-470F-887D-9AA619611273}"
EndProject
Project("{2150E333-8FDC-42A3-9474-1A3956D46DE8}") = "LeetCode", "LeetCode", "{8E01FB09-54F5-4CE2-9D12-D2A31EEA46C2}"
EndProject
Project("{9A19103F-16F7-4668-BE54-9A1E7A4F7556}") = "IsPalindrome", "IsPalindrome\IsPalindrome.csproj", "{9200EE05-C737-4148-9023-FE033ACB83DC}"
EndProject
Project("{9A19103F-16F7-4668-BE54-9A1E7A4F7556}") = "LongestCommonPrefix", "LongestCommonPrefix\LongestCommonPrefix.csproj", "{EA2AA677-7C54-401B-8D30-6262076A6F82}"
EndProject
Project("{FAE04EC0-301F-11D3-BF4B-00C04F79EFBC}") = "Ejercicio4", "Ejercicio4\Ejercicio4.csproj", "{7FFC2503-D74D-4902-B3DC-E07A2543869F}"
EndProject
Project("{FAE04EC0-301F-11D3-BF4B-00C04F79EFBC}") = "Ejercicio5", "Ejercicio5\Ejercicio5.csproj", "{4C70975B-AEAD-429D-BA00-D0E733767D50}"
EndProject
Project("{FAE04EC0-301F-11D3-BF4B-00C04F79EFBC}") = "Ejercicio6", "Ejercicio6\Ejercicio6.csproj", "{8CE60C7A-A7DF-4251-943B-BD94E404D7C7}"
EndProject
Global
	GlobalSection(SolutionConfigurationPlatforms) = preSolution
		Debug|Any CPU = Debug|Any CPU
		Release|Any CPU = Release|Any CPU
	EndGlobalSection
	GlobalSection(ProjectConfigurationPlatforms) = postSolution
		{0085B709-6953-4B34-8BA3-39AA9F75E025}.Debug|Any CPU.ActiveCfg = Debug|Any CPU
		{0085B709-6953-4B34-8BA3-39AA9F75E025}.Debug|Any CPU.Build.0 = Debug|Any CPU
		{0085B709-6953-4B34-8BA3-39AA9F75E025}.Release|Any CPU.ActiveCfg = Release|Any CPU
		{0085B709-6953-4B34-8BA3-39AA9F75E025}.Release|Any CPU.Build.0 = Release|Any CPU
		{C1263AEC-EA81-464B-B94E-F2F02DB7035F}.Debug|Any CPU.ActiveCfg = Debug|Any CPU
		{C1263AEC-EA81-464B-B94E-F2F02DB7035F}.Debug|Any CPU.Build.0 = Debug|Any CPU
		{C1263AEC-EA81-464B-B94E-F2F02DB7035F}.Release|Any CPU.ActiveCfg = Release|Any CPU
		{C1263AEC-EA81-464B-B94E-F2F02DB7035F}.Release|Any CPU.Build.0 = Release|Any CPU
		{C5AA5A09-F876-470F-887D-9AA619611273}.Debug|Any CPU.ActiveCfg = Debug|Any CPU
		{C5AA5A09-F876-470F-887D-9AA619611273}.Debug|Any CPU.Build.0 = Debug|Any CPU
		{C5AA5A09-F876-470F-887D-9AA619611273}.Release|Any CPU.ActiveCfg = Release|Any CPU
		{C5AA5A09-F876-470F-887D-9AA619611273}.Release|Any CPU.Build.0 = Release|Any CPU
		{9200EE05-C737-4148-9023-FE033ACB83DC}.Debug|Any CPU.ActiveCfg = Debug|Any CPU
		{9200EE05-C737-4148-9023-FE033ACB83DC}.Debug|Any CPU.Build.0 = Debug|Any CPU
		{9200EE05-C737-4148-9023-FE033ACB83DC}.Release|Any CPU.ActiveCfg = Release|Any CPU
		{9200EE05-C737-4148-9023-FE033ACB83DC}.Release|Any CPU.Build.0 = Release|Any CPU
		{EA2AA677-7C54-401B-8D30-6262076A6F82}.Debug|Any CPU.ActiveCfg = Debug|Any CPU
		{EA2AA677-7C54-401B-8D30-6262076A6F82}.Debug|Any CPU.Build.0 = Debug|Any CPU
		{EA2AA677-7C54-401B-8D30-6262076A6F82}.Release|Any CPU.ActiveCfg = Release|Any CPU
		{EA2AA677-7C54-401B-8D30-6262076A6F82}.Release|Any CPU.Build.0 = Release|Any CPU
		{7FFC2503-D74D-4902-B3DC-E07A2543869F}.Debug|Any CPU.ActiveCfg = Debug|Any CPU
		{7FFC2503-D74D-4902-B3DC-E07A2543869F}.Debug|Any CPU.Build.0 = Debug|Any CPU
		{7FFC2503-D74D-4902-B3DC-E07A2543869F}.Release|Any CPU.ActiveCfg = Release|Any CPU
		{7FFC2503-D74D-4902-B3DC-E07A2543869F}.Release|Any CPU.Build.0 = Release|Any CPU
		{4C70975B-AEAD-429D-BA00-D0E733767D50}.Debug|Any CPU.ActiveCfg = Debug|Any CPU
		{4C70975B-AEAD-429D-BA00-D0E733767D50}.Debug|Any CPU.Build.0 = Debug|Any CPU
		{4C70975B-AEAD-429D-BA00-D0E733767D50}.Release|Any CPU.ActiveCfg = Release|Any CPU
		{4C70975B-AEAD-429D-BA00-D0E733767D50}.Release|Any CPU.Build.0 = Release|Any CPU
		{8CE60C7A-A7DF-4251-943B-BD94E404D7C7}.Debug|Any CPU.ActiveCfg = Debug|Any CPU
		{8CE60C7A-A7DF-4251-943B-BD94E404D7C7}.Debug|Any CPU.Build.0 = Debug|Any CPU
		{8CE60C7A-A7DF-4251-943B-BD94E404D7C7}.Release|Any CPU.ActiveCfg = Release|Any CPU
		{8CE60C7A-A7DF-4251-943B-BD94E404D7C7}.Release|Any CPU.Build.0 = Release|Any CPU
	EndGlobalSection
	GlobalSection(SolutionProperties) = preSolution
		HideSolutionNode = FALSE
	EndGlobalSection
	GlobalSection(NestedProjects) = preSolution
		{0085B709-6953-4B34-8BA3-39AA9F75E025} = {98847AA0-3E7C-45CE-9B41-B782C69269E0}
		{C1263AEC-EA81-464B-B94E-F2F02DB7035F} = {98847AA0-3E7C-45CE-9B41-B782C69269E0}
		{C5AA5A09-F876-470F-887D-9AA619611273} = {98847AA0-3E7C-45CE-9B41-B782C69269E0}
		{9200EE05-C737-4148-9023-FE033ACB83DC} = {8E01FB09-54F5-4CE2-9D12-D2A31EEA46C2}
		{EA2AA677-7C54-401B-8D30-6262076A6F82} = {8E01FB09-54F5-4CE2-9D12-D2A31EEA46C2}
		{7FFC2503-D74D-4902-B3DC-E07A2543869F} = {98847AA0-3E7C-45CE-9B41-B782C69269E0}
		{4C70975B-AEAD-429D-BA00-D0E733767D50} = {98847AA0-3E7C-45CE-9B41-B782C69269E0}
		{8CE60C7A-A7DF-4251-943B-BD94E404D7C7} = {98847AA0-3E7C-45CE-9B41-B782C69269E0}
	EndGlobalSection
	GlobalSection(ExtensibilityGlobals) = postSolution
		SolutionGuid = {BD1E4EA1-FC39-46B1-874D-AFBBBDA4AED8}
	EndGlobalSection
EndGlobal
