
Microsoft Visual Studio Solution File, Format Version 12.00
# Visual Studio Version 17
VisualStudioVersion = 17.3.32811.315
MinimumVisualStudioVersion = 10.0.40219.1
Project("{FAE04EC0-301F-11D3-BF4B-00C04F79EFBC}") = "Entidades", "Concesionaria\Entidades.csproj", "{2C46FC83-EC3A-4F3C-878A-BB38645DE368}"
EndProject
Project("{FAE04EC0-301F-11D3-BF4B-00C04F79EFBC}") = "Vista", "Vista\Vista.csproj", "{C244CD8C-9E8B-47BF-B6D5-F5D83FD05B82}"
EndProject
Project("{FAE04EC0-301F-11D3-BF4B-00C04F79EFBC}") = "WinFormsApp2", "WinFormsApp2\WinFormsApp2.csproj", "{437DAF19-67CA-4141-8B3A-463ADDFAF927}"
EndProject
Global
	GlobalSection(SolutionConfigurationPlatforms) = preSolution
		Debug|Any CPU = Debug|Any CPU
		Release|Any CPU = Release|Any CPU
	EndGlobalSection
	GlobalSection(ProjectConfigurationPlatforms) = postSolution
		{2C46FC83-EC3A-4F3C-878A-BB38645DE368}.Debug|Any CPU.ActiveCfg = Debug|Any CPU
		{2C46FC83-EC3A-4F3C-878A-BB38645DE368}.Debug|Any CPU.Build.0 = Debug|Any CPU
		{2C46FC83-EC3A-4F3C-878A-BB38645DE368}.Release|Any CPU.ActiveCfg = Release|Any CPU
		{2C46FC83-EC3A-4F3C-878A-BB38645DE368}.Release|Any CPU.Build.0 = Release|Any CPU
		{C244CD8C-9E8B-47BF-B6D5-F5D83FD05B82}.Debug|Any CPU.ActiveCfg = Debug|Any CPU
		{C244CD8C-9E8B-47BF-B6D5-F5D83FD05B82}.Debug|Any CPU.Build.0 = Debug|Any CPU
		{C244CD8C-9E8B-47BF-B6D5-F5D83FD05B82}.Release|Any CPU.ActiveCfg = Release|Any CPU
		{C244CD8C-9E8B-47BF-B6D5-F5D83FD05B82}.Release|Any CPU.Build.0 = Release|Any CPU
		{437DAF19-67CA-4141-8B3A-463ADDFAF927}.Debug|Any CPU.ActiveCfg = Debug|Any CPU
		{437DAF19-67CA-4141-8B3A-463ADDFAF927}.Debug|Any CPU.Build.0 = Debug|Any CPU
		{437DAF19-67CA-4141-8B3A-463ADDFAF927}.Release|Any CPU.ActiveCfg = Release|Any CPU
		{437DAF19-67CA-4141-8B3A-463ADDFAF927}.Release|Any CPU.Build.0 = Release|Any CPU
	EndGlobalSection
	GlobalSection(SolutionProperties) = preSolution
		HideSolutionNode = FALSE
	EndGlobalSection
	GlobalSection(ExtensibilityGlobals) = postSolution
		SolutionGuid = {E49A4321-9DB2-4C16-BABA-EE819DB7FF43}
	EndGlobalSection
EndGlobal
